# This file is autogenerated, do not edit; changes may be undone by the next 'dep ensure'.


[[projects]]
  digest = "1:2209584c0f7c9b68c23374e659357ab546e1b70eec2761f03280f69a8fd23d77"
  name = "github.com/cenk/backoff"
  packages = ["."]
  pruneopts = "UT"
  revision = "2ea60e5f094469f9e65adb9cd103795b73ae743e"
  version = "v2.0.0"

[[projects]]
  digest = "1:7b5c6e2eeaa9ae5907c391a91c132abfd5c9e8a784a341b5625e750c67e6825d"
  name = "github.com/gorilla/websocket"
  packages = ["."]
  pruneopts = "UT"
  revision = "66b9c49e59c6c48f0ffce28c2d8b8a5678502c6d"
  version = "v1.4.0"

[[projects]]
  branch = "master"
  digest = "1:bcd7a481e3b34097473b845c55cc006b83934a0932d35ef1c6c4ffd2250b3ac3"
  name = "github.com/jasonsoft/cockroach-go"
  packages = ["crdb"]
  pruneopts = "UT"
  revision = "1f549862d97b2e68cb83d159252688f4be28d622"

[[projects]]
  branch = "master"
  digest = "1:193a9047afaefb18edec00a82c770f06a4fada5fbb6140514f8266f4f88ce50d"
  name = "github.com/jasonsoft/log"
  packages = [
    ".",
    "handlers/console",
    "handlers/gelf",
  ]
  pruneopts = "UT"
  revision = "1daf6a8586a8d17cbf0363bbc83faa37328b7f6b"

[[projects]]
  branch = "master"
  digest = "1:8f636687cf74880c00f98fcb0c9cfea3a5cc4c51a11d1c6af9b063774fde09f8"
  name = "github.com/jasonsoft/napnap"
  packages = ["."]
  pruneopts = "UT"
  revision = "cdceab4d8da20f9143a048a06b818f1a4a5129a0"

[[projects]]
  branch = "master"
  digest = "1:7654989089e5bd5b6734ec3be8b695e87d3f1f8d95620b343fd7d3995a5b60d7"
  name = "github.com/jmoiron/sqlx"
  packages = [
    ".",
    "reflectx",
  ]
  pruneopts = "UT"
  revision = "0dae4fefe7c0e190f7b5a78dac28a1c82cc8d849"

[[projects]]
  digest = "1:8ef506fc2bb9ced9b151dafa592d4046063d744c646c1bbe801982ce87e4bc24"
  name = "github.com/lib/pq"
  packages = [
    ".",
    "oid",
  ]
  pruneopts = "UT"
  revision = "4ded0e9383f75c197b3a2aaa6d590ac52df6fd79"
  version = "v1.0.0"

[[projects]]
  digest = "1:274f67cb6fed9588ea2521ecdac05a6d62a8c51c074c1fccc6a49a40ba80e925"
  name = "github.com/satori/go.uuid"
  packages = ["."]
  pruneopts = "UT"
  revision = "f58768cc1a7a7e77a3bd49e98cdd21419399b6a3"
  version = "v1.2.0"

[[projects]]
  branch = "master"
  digest = "1:dedf20eb0d3e8d6aa8a4d3d2fae248222b688ed528201995e152cc497899123c"
  name = "golang.org/x/crypto"
  packages = [
    "acme",
    "acme/autocert",
  ]
  pruneopts = "UT"
  revision = "e3636079e1a4c1f337f212cc5cd2aca108f6c900"

[[projects]]
  branch = "master"
  digest = "1:76ee51c3f468493aff39dbacc401e8831fbb765104cbf613b89bef01cf4bad70"
  name = "golang.org/x/net"
  packages = ["context"]
  pruneopts = "UT"
  revision = "146acd28ed5894421fb5aac80ca93bc1b1f46f87"

[[projects]]
  digest = "1:342378ac4dcb378a5448dd723f0784ae519383532f5e70ade24132c4c8693202"
  name = "gopkg.in/yaml.v2"
  packages = ["."]
  pruneopts = "UT"
  revision = "5420a8b6744d3b0345ab293f6fcba19c978f1183"
  version = "v2.2.1"

[solve-meta]
  analyzer-name = "dep"
  analyzer-version = 1
  input-imports = [
    "github.com/cenk/backoff",
    "github.com/gorilla/websocket",
    "github.com/jasonsoft/cockroach-go/crdb",
    "github.com/jasonsoft/log",
    "github.com/jasonsoft/log/handlers/console",
    "github.com/jasonsoft/log/handlers/gelf",
    "github.com/jasonsoft/napnap",
    "github.com/jmoiron/sqlx",
    "github.com/satori/go.uuid",
    "gopkg.in/yaml.v2",
  ]
  solver-name = "gps-cdcl"
  solver-version = 1
